// !$*UTF8*$!
{
	archiveVersion = 1;
	classes = {
	};
	objectVersion = 50;
	objects = {

/* Begin PBXBuildFile section */
		1C5DAFEC2193806D00A73FC1 /* AppDelegate.swift in Sources */ = {isa = PBXBuildFile; fileRef = 1C5DAFEB2193806D00A73FC1 /* AppDelegate.swift */; };
		1C5DAFEE2193806D00A73FC1 /* ViewController.swift in Sources */ = {isa = PBXBuildFile; fileRef = 1C5DAFED2193806D00A73FC1 /* ViewController.swift */; };
		1C5DAFF12193806D00A73FC1 /* Main.storyboard in Resources */ = {isa = PBXBuildFile; fileRef = 1C5DAFEF2193806D00A73FC1 /* Main.storyboard */; };
		1C5DAFF32193806E00A73FC1 /* Assets.xcassets in Resources */ = {isa = PBXBuildFile; fileRef = 1C5DAFF22193806E00A73FC1 /* Assets.xcassets */; };
		1C5DAFF62193806E00A73FC1 /* LaunchScreen.storyboard in Resources */ = {isa = PBXBuildFile; fileRef = 1C5DAFF42193806E00A73FC1 /* LaunchScreen.storyboard */; };
		1C5DAFFE2193823700A73FC1 /* Config.swift in Sources */ = {isa = PBXBuildFile; fileRef = 1C5DAFFD2193823700A73FC1 /* Config.swift */; };
		1C5DB0002193847000A73FC1 /* LoginViewController.swift in Sources */ = {isa = PBXBuildFile; fileRef = 1C5DAFFF2193847000A73FC1 /* LoginViewController.swift */; };
		1C5DB0022193939D00A73FC1 /* ProfileViewController.swift in Sources */ = {isa = PBXBuildFile; fileRef = 1C5DB0012193939D00A73FC1 /* ProfileViewController.swift */; };
		A55928ACA2A238EB5149EC18 /* Pods_PlayPortalAuthentication.framework in Frameworks */ = {isa = PBXBuildFile; fileRef = 6917EF92FB6F41E53DA96149 /* Pods_PlayPortalAuthentication.framework */; };
/* End PBXBuildFile section */

/* Begin PBXFileReference section */
		1C5DAFE82193806D00A73FC1 /* PlayPortalAuthentication.app */ = {isa = PBXFileReference; explicitFileType = wrapper.application; includeInIndex = 0; path = PlayPortalAuthentication.app; sourceTree = BUILT_PRODUCTS_DIR; };
		1C5DAFEB2193806D00A73FC1 /* AppDelegate.swift */ = {isa = PBXFileReference; lastKnownFileType = sourcecode.swift; path = AppDelegate.swift; sourceTree = "<group>"; };
		1C5DAFED2193806D00A73FC1 /* ViewController.swift */ = {isa = PBXFileReference; lastKnownFileType = sourcecode.swift; path = ViewController.swift; sourceTree = "<group>"; };
		1C5DAFF02193806D00A73FC1 /* Base */ = {isa = PBXFileReference; lastKnownFileType = file.storyboard; name = Base; path = Base.lproj/Main.storyboard; sourceTree = "<group>"; };
		1C5DAFF22193806E00A73FC1 /* Assets.xcassets */ = {isa = PBXFileReference; lastKnownFileType = folder.assetcatalog; path = Assets.xcassets; sourceTree = "<group>"; };
		1C5DAFF52193806E00A73FC1 /* Base */ = {isa = PBXFileReference; lastKnownFileType = file.storyboard; name = Base; path = Base.lproj/LaunchScreen.storyboard; sourceTree = "<group>"; };
		1C5DAFF72193806E00A73FC1 /* Info.plist */ = {isa = PBXFileReference; lastKnownFileType = text.plist.xml; path = Info.plist; sourceTree = "<group>"; };
		1C5DAFFD2193823700A73FC1 /* Config.swift */ = {isa = PBXFileReference; lastKnownFileType = sourcecode.swift; path = Config.swift; sourceTree = "<group>"; };
		1C5DAFFF2193847000A73FC1 /* LoginViewController.swift */ = {isa = PBXFileReference; lastKnownFileType = sourcecode.swift; path = LoginViewController.swift; sourceTree = "<group>"; };
		1C5DB0012193939D00A73FC1 /* ProfileViewController.swift */ = {isa = PBXFileReference; lastKnownFileType = sourcecode.swift; path = ProfileViewController.swift; sourceTree = "<group>"; };
		6917EF92FB6F41E53DA96149 /* Pods_PlayPortalAuthentication.framework */ = {isa = PBXFileReference; explicitFileType = wrapper.framework; includeInIndex = 0; path = Pods_PlayPortalAuthentication.framework; sourceTree = BUILT_PRODUCTS_DIR; };
		83C230A10E3F8ABF2D5903F0 /* Pods-PlayPortalAuthentication.release.xcconfig */ = {isa = PBXFileReference; includeInIndex = 1; lastKnownFileType = text.xcconfig; name = "Pods-PlayPortalAuthentication.release.xcconfig"; path = "Target Support Files/Pods-PlayPortalAuthentication/Pods-PlayPortalAuthentication.release.xcconfig"; sourceTree = "<group>"; };
		E51D299BDC8EB4314B6CC062 /* Pods-PlayPortalAuthentication.debug.xcconfig */ = {isa = PBXFileReference; includeInIndex = 1; lastKnownFileType = text.xcconfig; name = "Pods-PlayPortalAuthentication.debug.xcconfig"; path = "Target Support Files/Pods-PlayPortalAuthentication/Pods-PlayPortalAuthentication.debug.xcconfig"; sourceTree = "<group>"; };
/* End PBXFileReference section */

/* Begin PBXFrameworksBuildPhase section */
		1C5DAFE52193806D00A73FC1 /* Frameworks */ = {
			isa = PBXFrameworksBuildPhase;
			buildActionMask = 2147483647;
			files = (
				A55928ACA2A238EB5149EC18 /* Pods_PlayPortalAuthentication.framework in Frameworks */,
			);
			runOnlyForDeploymentPostprocessing = 0;
		};
/* End PBXFrameworksBuildPhase section */

/* Begin PBXGroup section */
		1A7EE67367140DB6AF41DAC9 /* Pods */ = {
			isa = PBXGroup;
			children = (
				E51D299BDC8EB4314B6CC062 /* Pods-PlayPortalAuthentication.debug.xcconfig */,
				83C230A10E3F8ABF2D5903F0 /* Pods-PlayPortalAuthentication.release.xcconfig */,
			);
			path = Pods;
			sourceTree = "<group>";
		};
		1C5DAFDF2193806D00A73FC1 = {
			isa = PBXGroup;
			children = (
				1C5DAFEA2193806D00A73FC1 /* PlayPortalAuthentication */,
				1C5DAFE92193806D00A73FC1 /* Products */,
				1A7EE67367140DB6AF41DAC9 /* Pods */,
				5475C9F62EFD1A1635BE6768 /* Frameworks */,
			);
			sourceTree = "<group>";
		};
		1C5DAFE92193806D00A73FC1 /* Products */ = {
			isa = PBXGroup;
			children = (
				1C5DAFE82193806D00A73FC1 /* PlayPortalAuthentication.app */,
			);
			name = Products;
			sourceTree = "<group>";
		};
		1C5DAFEA2193806D00A73FC1 /* PlayPortalAuthentication */ = {
			isa = PBXGroup;
			children = (
				1C5DAFEB2193806D00A73FC1 /* AppDelegate.swift */,
				1C5DAFED2193806D00A73FC1 /* ViewController.swift */,
				1C5DAFEF2193806D00A73FC1 /* Main.storyboard */,
				1C5DAFF22193806E00A73FC1 /* Assets.xcassets */,
				1C5DAFF42193806E00A73FC1 /* LaunchScreen.storyboard */,
				1C5DAFF72193806E00A73FC1 /* Info.plist */,
				1C5DAFFD2193823700A73FC1 /* Config.swift */,
				1C5DAFFF2193847000A73FC1 /* LoginViewController.swift */,
				1C5DB0012193939D00A73FC1 /* ProfileViewController.swift */,
			);
			path = PlayPortalAuthentication;
			sourceTree = "<group>";
		};
		5475C9F62EFD1A1635BE6768 /* Frameworks */ = {
			isa = PBXGroup;
			children = (
				6917EF92FB6F41E53DA96149 /* Pods_PlayPortalAuthentication.framework */,
			);
			name = Frameworks;
			sourceTree = "<group>";
		};
/* End PBXGroup section */

/* Begin PBXNativeTarget section */
		1C5DAFE72193806D00A73FC1 /* PlayPortalAuthentication */ = {
			isa = PBXNativeTarget;
			buildConfigurationList = 1C5DAFFA2193806E00A73FC1 /* Build configuration list for PBXNativeTarget "PlayPortalAuthentication" */;
			buildPhases = (
				68EA925F8BD1BCD1D2DED117 /* [CP] Check Pods Manifest.lock */,
				1C5DAFE42193806D00A73FC1 /* Sources */,
				1C5DAFE52193806D00A73FC1 /* Frameworks */,
				1C5DAFE62193806D00A73FC1 /* Resources */,
				5E93B3910A3120BCA5CB6002 /* [CP] Embed Pods Frameworks */,
			);
			buildRules = (
			);
			dependencies = (
			);
			name = PlayPortalAuthentication;
			productName = PlayPortalAuthentication;
			productReference = 1C5DAFE82193806D00A73FC1 /* PlayPortalAuthentication.app */;
			productType = "com.apple.product-type.application";
		};
/* End PBXNativeTarget section */

/* Begin PBXProject section */
		1C5DAFE02193806D00A73FC1 /* Project object */ = {
			isa = PBXProject;
			attributes = {
				LastSwiftUpdateCheck = 1000;
				LastUpgradeCheck = 1000;
				ORGANIZATIONNAME = "Lincoln Fraley";
				TargetAttributes = {
					1C5DAFE72193806D00A73FC1 = {
						CreatedOnToolsVersion = 10.0;
					};
				};
			};
			buildConfigurationList = 1C5DAFE32193806D00A73FC1 /* Build configuration list for PBXProject "PlayPortalAuthentication" */;
			compatibilityVersion = "Xcode 9.3";
			developmentRegion = en;
			hasScannedForEncodings = 0;
			knownRegions = (
				en,
				Base,
			);
			mainGroup = 1C5DAFDF2193806D00A73FC1;
			productRefGroup = 1C5DAFE92193806D00A73FC1 /* Products */;
			projectDirPath = "";
			projectRoot = "";
			targets = (
				1C5DAFE72193806D00A73FC1 /* PlayPortalAuthentication */,
			);
		};
/* End PBXProject section */

/* Begin PBXResourcesBuildPhase section */
		1C5DAFE62193806D00A73FC1 /* Resources */ = {
			isa = PBXResourcesBuildPhase;
			buildActionMask = 2147483647;
			files = (
				1C5DAFF62193806E00A73FC1 /* LaunchScreen.storyboard in Resources */,
				1C5DAFF32193806E00A73FC1 /* Assets.xcassets in Resources */,
				1C5DAFF12193806D00A73FC1 /* Main.storyboard in Resources */,
			);
			runOnlyForDeploymentPostprocessing = 0;
		};
/* End PBXResourcesBuildPhase section */

/* Begin PBXShellScriptBuildPhase section */
		5E93B3910A3120BCA5CB6002 /* [CP] Embed Pods Frameworks */ = {
			isa = PBXShellScriptBuildPhase;
			buildActionMask = 2147483647;
			files = (
			);
			inputFileListPaths = (
			);
			inputPaths = (
				"${PODS_ROOT}/Target Support Files/Pods-PlayPortalAuthentication/Pods-PlayPortalAuthentication-frameworks.sh",
				"${BUILT_PRODUCTS_DIR}/Alamofire/Alamofire.framework",
				"${BUILT_PRODUCTS_DIR}/KeychainSwift/KeychainSwift.framework",
				"${BUILT_PRODUCTS_DIR}/PPSDK-Swift/PPSDK_Swift.framework",
			);
			name = "[CP] Embed Pods Frameworks";
			outputFileListPaths = (
			);
			outputPaths = (
				"${TARGET_BUILD_DIR}/${FRAMEWORKS_FOLDER_PATH}/Alamofire.framework",
				"${TARGET_BUILD_DIR}/${FRAMEWORKS_FOLDER_PATH}/KeychainSwift.framework",
				"${TARGET_BUILD_DIR}/${FRAMEWORKS_FOLDER_PATH}/PPSDK_Swift.framework",
			);
			runOnlyForDeploymentPostprocessing = 0;
			shellPath = /bin/sh;
			shellScript = "\"${PODS_ROOT}/Target Support Files/Pods-PlayPortalAuthentication/Pods-PlayPortalAuthentication-frameworks.sh\"\n";
			showEnvVarsInLog = 0;
		};
		68EA925F8BD1BCD1D2DED117 /* [CP] Check Pods Manifest.lock */ = {
			isa = PBXShellScriptBuildPhase;
			buildActionMask = 2147483647;
			files = (
			);
			inputFileListPaths = (
			);
			inputPaths = (
				"${PODS_PODFILE_DIR_PATH}/Podfile.lock",
				"${PODS_ROOT}/Manifest.lock",
			);
			name = "[CP] Check Pods Manifest.lock";
			outputFileListPaths = (
			);
			outputPaths = (
				"$(DERIVED_FILE_DIR)/Pods-PlayPortalAuthentication-checkManifestLockResult.txt",
			);
			runOnlyForDeploymentPostprocessing = 0;
			shellPath = /bin/sh;
			shellScript = "diff \"${PODS_PODFILE_DIR_PATH}/Podfile.lock\" \"${PODS_ROOT}/Manifest.lock\" > /dev/null\nif [ $? != 0 ] ; then\n    # print error to STDERR\n    echo \"error: The sandbox is not in sync with the Podfile.lock. Run 'pod install' or update your CocoaPods installation.\" >&2\n    exit 1\nfi\n# This output is used by Xcode 'outputs' to avoid re-running this script phase.\necho \"SUCCESS\" > \"${SCRIPT_OUTPUT_FILE_0}\"\n";
			showEnvVarsInLog = 0;
		};
/* End PBXShellScriptBuildPhase section */

/* Begin PBXSourcesBuildPhase section */
		1C5DAFE42193806D00A73FC1 /* Sources */ = {
			isa = PBXSourcesBuildPhase;
			buildActionMask = 2147483647;
			files = (
				1C5DB0002193847000A73FC1 /* LoginViewController.swift in Sources */,
				1C5DAFEE2193806D00A73FC1 /* ViewController.swift in Sources */,
				1C5DB0022193939D00A73FC1 /* ProfileViewController.swift in Sources */,
				1C5DAFEC2193806D00A73FC1 /* AppDelegate.swift in Sources */,
				1C5DAFFE2193823700A73FC1 /* Config.swift in Sources */,
			);
			runOnlyForDeploymentPostprocessing = 0;
		};
/* End PBXSourcesBuildPhase section */

/* Begin PBXVariantGroup section */
		1C5DAFEF2193806D00A73FC1 /* Main.storyboard */ = {
			isa = PBXVariantGroup;
			children = (
				1C5DAFF02193806D00A73FC1 /* Base */,
			);
			name = Main.storyboard;
			sourceTree = "<group>";
		};
		1C5DAFF42193806E00A73FC1 /* LaunchScreen.storyboard */ = {
			isa = PBXVariantGroup;
			children = (
				1C5DAFF52193806E00A73FC1 /* Base */,
			);
			name = LaunchScreen.storyboard;
			sourceTree = "<group>";
		};
/* End PBXVariantGroup section */

/* Begin XCBuildConfiguration section */
		1C5DAFF82193806E00A73FC1 /* Debug */ = {
			isa = XCBuildConfiguration;
			buildSettings = {
				ALWAYS_SEARCH_USER_PATHS = NO;
				CLANG_ANALYZER_NONNULL = YES;
				CLANG_ANALYZER_NUMBER_OBJECT_CONVERSION = YES_AGGRESSIVE;
				CLANG_CXX_LANGUAGE_STANDARD = "gnu++14";
				CLANG_CXX_LIBRARY = "libc++";
				CLANG_ENABLE_MODULES = YES;
				CLANG_ENABLE_OBJC_ARC = YES;
				CLANG_ENABLE_OBJC_WEAK = YES;
				CLANG_WARN_BLOCK_CAPTURE_AUTORELEASING = YES;
				CLANG_WARN_BOOL_CONVERSION = YES;
				CLANG_WARN_COMMA = YES;
				CLANG_WARN_CONSTANT_CONVERSION = YES;
				CLANG_WARN_DEPRECATED_OBJC_IMPLEMENTATIONS = YES;
				CLANG_WARN_DIRECT_OBJC_ISA_USAGE = YES_ERROR;
				CLANG_WARN_DOCUMENTATION_COMMENTS = YES;
				CLANG_WARN_EMPTY_BODY = YES;
				CLANG_WARN_ENUM_CONVERSION = YES;
				CLANG_WARN_INFINITE_RECURSION = YES;
				CLANG_WARN_INT_CONVERSION = YES;
				CLANG_WARN_NON_LITERAL_NULL_CONVERSION = YES;
				CLANG_WARN_OBJC_IMPLICIT_RETAIN_SELF = YES;
				CLANG_WARN_OBJC_LITERAL_CONVERSION = YES;
				CLANG_WARN_OBJC_ROOT_CLASS = YES_ERROR;
				CLANG_WARN_RANGE_LOOP_ANALYSIS = YES;
				CLANG_WARN_STRICT_PROTOTYPES = YES;
				CLANG_WARN_SUSPICIOUS_MOVE = YES;
				CLANG_WARN_UNGUARDED_AVAILABILITY = YES_AGGRESSIVE;
				CLANG_WARN_UNREACHABLE_CODE = YES;
				CLANG_WARN__DUPLICATE_METHOD_MATCH = YES;
				CODE_SIGN_IDENTITY = "iPhone Developer";
				COPY_PHASE_STRIP = NO;
				DEBUG_INFORMATION_FORMAT = dwarf;
				ENABLE_STRICT_OBJC_MSGSEND = YES;
				ENABLE_TESTABILITY = YES;
				GCC_C_LANGUAGE_STANDARD = gnu11;
				GCC_DYNAMIC_NO_PIC = NO;
				GCC_NO_COMMON_BLOCKS = YES;
				GCC_OPTIMIZATION_LEVEL = 0;
				GCC_PREPROCESSOR_DEFINITIONS = (
					"DEBUG=1",
					"$(inherited)",
				);
				GCC_WARN_64_TO_32_BIT_CONVERSION = YES;
				GCC_WARN_ABOUT_RETURN_TYPE = YES_ERROR;
				GCC_WARN_UNDECLARED_SELECTOR = YES;
				GCC_WARN_UNINITIALIZED_AUTOS = YES_AGGRESSIVE;
				GCC_WARN_UNUSED_FUNCTION = YES;
				GCC_WARN_UNUSED_VARIABLE = YES;
				IPHONEOS_DEPLOYMENT_TARGET = 12.0;
				MTL_ENABLE_DEBUG_INFO = INCLUDE_SOURCE;
				MTL_FAST_MATH = YES;
				ONLY_ACTIVE_ARCH = YES;
				SDKROOT = iphoneos;
				SWIFT_ACTIVE_COMPILATION_CONDITIONS = DEBUG;
				SWIFT_OPTIMIZATION_LEVEL = "-Onone";
			};
			name = Debug;
		};
		1C5DAFF92193806E00A73FC1 /* Release */ = {
			isa = XCBuildConfiguration;
			buildSettings = {
				ALWAYS_SEARCH_USER_PATHS = NO;
				CLANG_ANALYZER_NONNULL = YES;
				CLANG_ANALYZER_NUMBER_OBJECT_CONVERSION = YES_AGGRESSIVE;
				CLANG_CXX_LANGUAGE_STANDARD = "gnu++14";
				CLANG_CXX_LIBRARY = "libc++";
				CLANG_ENABLE_MODULES = YES;
				CLANG_ENABLE_OBJC_ARC = YES;
				CLANG_ENABLE_OBJC_WEAK = YES;
				CLANG_WARN_BLOCK_CAPTURE_AUTORELEASING = YES;
				CLANG_WARN_BOOL_CONVERSION = YES;
				CLANG_WARN_COMMA = YES;
				CLANG_WARN_CONSTANT_CONVERSION = YES;
				CLANG_WARN_DEPRECATED_OBJC_IMPLEMENTATIONS = YES;
				CLANG_WARN_DIRECT_OBJC_ISA_USAGE = YES_ERROR;
				CLANG_WARN_DOCUMENTATION_COMMENTS = YES;
				CLANG_WARN_EMPTY_BODY = YES;
				CLANG_WARN_ENUM_CONVERSION = YES;
				CLANG_WARN_INFINITE_RECURSION = YES;
				CLANG_WARN_INT_CONVERSION = YES;
				CLANG_WARN_NON_LITERAL_NULL_CONVERSION = YES;
				CLANG_WARN_OBJC_IMPLICIT_RETAIN_SELF = YES;
				CLANG_WARN_OBJC_LITERAL_CONVERSION = YES;
				CLANG_WARN_OBJC_ROOT_CLASS = YES_ERROR;
				CLANG_WARN_RANGE_LOOP_ANALYSIS = YES;
				CLANG_WARN_STRICT_PROTOTYPES = YES;
				CLANG_WARN_SUSPICIOUS_MOVE = YES;
				CLANG_WARN_UNGUARDED_AVAILABILITY = YES_AGGRESSIVE;
				CLANG_WARN_UNREACHABLE_CODE = YES;
				CLANG_WARN__DUPLICATE_METHOD_MATCH = YES;
				CODE_SIGN_IDENTITY = "iPhone Developer";
				COPY_PHASE_STRIP = NO;
				DEBUG_INFORMATION_FORMAT = "dwarf-with-dsym";
				ENABLE_NS_ASSERTIONS = NO;
				ENABLE_STRICT_OBJC_MSGSEND = YES;
				GCC_C_LANGUAGE_STANDARD = gnu11;
				GCC_NO_COMMON_BLOCKS = YES;
				GCC_WARN_64_TO_32_BIT_CONVERSION = YES;
				GCC_WARN_ABOUT_RETURN_TYPE = YES_ERROR;
				GCC_WARN_UNDECLARED_SELECTOR = YES;
				GCC_WARN_UNINITIALIZED_AUTOS = YES_AGGRESSIVE;
				GCC_WARN_UNUSED_FUNCTION = YES;
				GCC_WARN_UNUSED_VARIABLE = YES;
				IPHONEOS_DEPLOYMENT_TARGET = 12.0;
				MTL_ENABLE_DEBUG_INFO = NO;
				MTL_FAST_MATH = YES;
				SDKROOT = iphoneos;
				SWIFT_COMPILATION_MODE = wholemodule;
				SWIFT_OPTIMIZATION_LEVEL = "-O";
				VALIDATE_PRODUCT = YES;
			};
			name = Release;
		};
		1C5DAFFB2193806E00A73FC1 /* Debug */ = {
			isa = XCBuildConfiguration;
			baseConfigurationReference = E51D299BDC8EB4314B6CC062 /* Pods-PlayPortalAuthentication.debug.xcconfig */;
			buildSettings = {
				ASSETCATALOG_COMPILER_APPICON_NAME = AppIcon;
				CODE_SIGN_STYLE = Automatic;
				DEVELOPMENT_TEAM = SA5YU43KDL;
				INFOPLIST_FILE = PlayPortalAuthentication/Info.plist;
				LD_RUNPATH_SEARCH_PATHS = (
					"$(inherited)",
					"@executable_path/Frameworks",
				);
				PRODUCT_BUNDLE_IDENTIFIER = lincoln.fraley93.PlayPortalAuthentication;
				PRODUCT_NAME = "$(TARGET_NAME)";
				SWIFT_VERSION = 4.2;
				TARGETED_DEVICE_FAMILY = "1,2";
			};
			name = Debug;
		};
		1C5DAFFC2193806E00A73FC1 /* Release */ = {
			isa = XCBuildConfiguration;
			baseConfigurationReference = 83C230A10E3F8ABF2D5903F0 /* Pods-PlayPortalAuthentication.release.xcconfig */;
			buildSettings = {
				ASSETCATALOG_COMPILER_APPICON_NAME = AppIcon;
				CODE_SIGN_STYLE = Automatic;
				DEVELOPMENT_TEAM = SA5YU43KDL;
				INFOPLIST_FILE = PlayPortalAuthentication/Info.plist;
				LD_RUNPATH_SEARCH_PATHS = (
					"$(inherited)",
					"@executable_path/Frameworks",
				);
				PRODUCT_BUNDLE_IDENTIFIER = lincoln.fraley93.PlayPortalAuthentication;
				PRODUCT_NAME = "$(TARGET_NAME)";
				SWIFT_VERSION = 4.2;
				TARGETED_DEVICE_FAMILY = "1,2";
			};
			name = Release;
		};
/* End XCBuildConfiguration section */

/* Begin XCConfigurationList section */
		1C5DAFE32193806D00A73FC1 /* Build configuration list for PBXProject "PlayPortalAuthentication" */ = {
			isa = XCConfigurationList;
			buildConfigurations = (
				1C5DAFF82193806E00A73FC1 /* Debug */,
				1C5DAFF92193806E00A73FC1 /* Release */,
			);
			defaultConfigurationIsVisible = 0;
			defaultConfigurationName = Release;
		};
		1C5DAFFA2193806E00A73FC1 /* Build configuration list for PBXNativeTarget "PlayPortalAuthentication" */ = {
			isa = XCConfigurationList;
			buildConfigurations = (
				1C5DAFFB2193806E00A73FC1 /* Debug */,
				1C5DAFFC2193806E00A73FC1 /* Release */,
			);
			defaultConfigurationIsVisible = 0;
			defaultConfigurationName = Release;
		};
/* End XCConfigurationList section */
	};
	rootObject = 1C5DAFE02193806D00A73FC1 /* Project object */;
}
